
Microsoft Visual Studio Solution File, Format Version 12.00
Project("{FAE04EC0-301F-11D3-BF4B-00C04F79EFBC}") = "L4-1302", "L4-1302\L4-1302.csproj", "{CF65631C-BE61-4D9E-9FB6-4A86225BEBED}"
EndProject
Global
	GlobalSection(SolutionConfigurationPlatforms) = preSolution
		Debug|Any CPU = Debug|Any CPU
		Release|Any CPU = Release|Any CPU
	EndGlobalSection
	GlobalSection(ProjectConfigurationPlatforms) = postSolution
		{CF65631C-BE61-4D9E-9FB6-4A86225BEBED}.Debug|Any CPU.ActiveCfg = Debug|Any CPU
		{CF65631C-BE61-4D9E-9FB6-4A86225BEBED}.Debug|Any CPU.Build.0 = Debug|Any CPU
		{CF65631C-BE61-4D9E-9FB6-4A86225BEBED}.Release|Any CPU.ActiveCfg = Release|Any CPU
		{CF65631C-BE61-4D9E-9FB6-4A86225BEBED}.Release|Any CPU.Build.0 = Release|Any CPU
	EndGlobalSection
EndGlobal
